
Microsoft Visual Studio Solution File, Format Version 12.00
# Visual Studio Version 16
VisualStudioVersion = 16.0.31424.327
MinimumVisualStudioVersion = 10.0.40219.1
Project("{FAE04EC0-301F-11D3-BF4B-00C04F79EFBC}") = "NeroStore", "NeroStore\NeroStore.csproj", "{8E21B509-53E4-4E61-AC8C-9B8F0C2D5164}"
EndProject
Global
	GlobalSection(SolutionConfigurationPlatforms) = preSolution
		Debug|Any CPU = Debug|Any CPU
		Release|Any CPU = Release|Any CPU
	EndGlobalSection
	GlobalSection(ProjectConfigurationPlatforms) = postSolution
		{8E21B509-53E4-4E61-AC8C-9B8F0C2D5164}.Debug|Any CPU.ActiveCfg = Debug|Any CPU
		{8E21B509-53E4-4E61-AC8C-9B8F0C2D5164}.Debug|Any CPU.Build.0 = Debug|Any CPU
		{8E21B509-53E4-4E61-AC8C-9B8F0C2D5164}.Release|Any CPU.ActiveCfg = Release|Any CPU
		{8E21B509-53E4-4E61-AC8C-9B8F0C2D5164}.Release|Any CPU.Build.0 = Release|Any CPU
	EndGlobalSection
	GlobalSection(SolutionProperties) = preSolution
		HideSolutionNode = FALSE
	EndGlobalSection
	GlobalSection(ExtensibilityGlobals) = postSolution
		SolutionGuid = {F81FD156-AD2D-40C3-97BA-ECABCF8DB82C}
	EndGlobalSection
EndGlobal
